
Microsoft Visual Studio Solution File, Format Version 12.00
# Visual Studio Version 17
VisualStudioVersion = 17.11.35312.102
MinimumVisualStudioVersion = 10.0.40219.1
Project("{FAE04EC0-301F-11D3-BF4B-00C04F79EFBC}") = "TodoApi", "TodoApi\TodoApi.csproj", "{5541E16C-1918-4039-9463-B298DC166F9A}"
EndProject
Global
	GlobalSection(SolutionConfigurationPlatforms) = preSolution
		Debug|Any CPU = Debug|Any CPU
		Release|Any CPU = Release|Any CPU
	EndGlobalSection
	GlobalSection(ProjectConfigurationPlatforms) = postSolution
		{5541E16C-1918-4039-9463-B298DC166F9A}.Debug|Any CPU.ActiveCfg = Debug|Any CPU
		{5541E16C-1918-4039-9463-B298DC166F9A}.Debug|Any CPU.Build.0 = Debug|Any CPU
		{5541E16C-1918-4039-9463-B298DC166F9A}.Release|Any CPU.ActiveCfg = Release|Any CPU
		{5541E16C-1918-4039-9463-B298DC166F9A}.Release|Any CPU.Build.0 = Release|Any CPU
	EndGlobalSection
	GlobalSection(SolutionProperties) = preSolution
		HideSolutionNode = FALSE
	EndGlobalSection
	GlobalSection(ExtensibilityGlobals) = postSolution
		SolutionGuid = {7AE071E6-1D84-490A-B79D-F44C8FA1AD0D}
	EndGlobalSection
EndGlobal
